
Microsoft Visual Studio Solution File, Format Version 12.00
# Visual Studio Version 16
VisualStudioVersion = 16.0.29613.14
MinimumVisualStudioVersion = 10.0.40219.1
Project("{FAE04EC0-301F-11D3-BF4B-00C04F79EFBC}") = "TrueQuizBot.WebApi", "TrueQuizBot.WebApi\TrueQuizBot.WebApi.csproj", "{640E4AE5-FD57-423C-A07C-E98998ADC10F}"
EndProject
Project("{FAE04EC0-301F-11D3-BF4B-00C04F79EFBC}") = "TrueQuizBot.Infrastructure", "TrueQuizBot.Infrastructure\TrueQuizBot.Infrastructure.csproj", "{31DAF9A8-4AF5-46BD-90EB-D1588144B2D2}"
EndProject
Project("{FAE04EC0-301F-11D3-BF4B-00C04F79EFBC}") = "TrueQuizBot", "TrueQuizBot\TrueQuizBot.csproj", "{0F2244A3-74E4-42EA-802C-B320BD8CE606}"
EndProject
Global
	GlobalSection(SolutionConfigurationPlatforms) = preSolution
		Debug|Any CPU = Debug|Any CPU
		Release|Any CPU = Release|Any CPU
	EndGlobalSection
	GlobalSection(ProjectConfigurationPlatforms) = postSolution
		{640E4AE5-FD57-423C-A07C-E98998ADC10F}.Debug|Any CPU.ActiveCfg = Debug|Any CPU
		{640E4AE5-FD57-423C-A07C-E98998ADC10F}.Debug|Any CPU.Build.0 = Debug|Any CPU
		{640E4AE5-FD57-423C-A07C-E98998ADC10F}.Release|Any CPU.ActiveCfg = Release|Any CPU
		{640E4AE5-FD57-423C-A07C-E98998ADC10F}.Release|Any CPU.Build.0 = Release|Any CPU
		{31DAF9A8-4AF5-46BD-90EB-D1588144B2D2}.Debug|Any CPU.ActiveCfg = Debug|Any CPU
		{31DAF9A8-4AF5-46BD-90EB-D1588144B2D2}.Debug|Any CPU.Build.0 = Debug|Any CPU
		{31DAF9A8-4AF5-46BD-90EB-D1588144B2D2}.Release|Any CPU.ActiveCfg = Release|Any CPU
		{31DAF9A8-4AF5-46BD-90EB-D1588144B2D2}.Release|Any CPU.Build.0 = Release|Any CPU
		{0F2244A3-74E4-42EA-802C-B320BD8CE606}.Debug|Any CPU.ActiveCfg = Debug|Any CPU
		{0F2244A3-74E4-42EA-802C-B320BD8CE606}.Debug|Any CPU.Build.0 = Debug|Any CPU
		{0F2244A3-74E4-42EA-802C-B320BD8CE606}.Release|Any CPU.ActiveCfg = Release|Any CPU
		{0F2244A3-74E4-42EA-802C-B320BD8CE606}.Release|Any CPU.Build.0 = Release|Any CPU
	EndGlobalSection
	GlobalSection(SolutionProperties) = preSolution
		HideSolutionNode = FALSE
	EndGlobalSection
	GlobalSection(ExtensibilityGlobals) = postSolution
		SolutionGuid = {424AB715-3502-448C-B0FD-841F20188286}
	EndGlobalSection
EndGlobal
